
Microsoft Visual Studio Solution File, Format Version 12.00
# Visual Studio Version 16
VisualStudioVersion = 16.0.29418.71
MinimumVisualStudioVersion = 10.0.40219.1
Project("{FAE04EC0-301F-11D3-BF4B-00C04F79EFBC}") = "PrawnKingWinForm", "PrawnKingWinForm.csproj", "{B88CE4E5-B39D-4DE3-A7B8-12CE8BDE2021}"
EndProject
Global
	GlobalSection(SolutionConfigurationPlatforms) = preSolution
		Debug|Any CPU = Debug|Any CPU
		Release|Any CPU = Release|Any CPU
	EndGlobalSection
	GlobalSection(ProjectConfigurationPlatforms) = postSolution
		{B88CE4E5-B39D-4DE3-A7B8-12CE8BDE2021}.Debug|Any CPU.ActiveCfg = Debug|Any CPU
		{B88CE4E5-B39D-4DE3-A7B8-12CE8BDE2021}.Debug|Any CPU.Build.0 = Debug|Any CPU
		{B88CE4E5-B39D-4DE3-A7B8-12CE8BDE2021}.Release|Any CPU.ActiveCfg = Release|Any CPU
		{B88CE4E5-B39D-4DE3-A7B8-12CE8BDE2021}.Release|Any CPU.Build.0 = Release|Any CPU
	EndGlobalSection
	GlobalSection(SolutionProperties) = preSolution
		HideSolutionNode = FALSE
	EndGlobalSection
	GlobalSection(ExtensibilityGlobals) = postSolution
		SolutionGuid = {B35C6D89-6D53-4DA8-8471-59322861517C}
	EndGlobalSection
EndGlobal
